
Microsoft Visual Studio Solution File, Format Version 12.00
# Visual Studio 15
VisualStudioVersion = 15.0.26430.12
MinimumVisualStudioVersion = 10.0.40219.1
Project("{2150E333-8FDC-42A3-9474-1A3956D46DE8}") = "ENode", "ENode", "{A5BE5C96-0FCD-4300-AAB1-4B32373CE989}"
EndProject
Project("{2150E333-8FDC-42A3-9474-1A3956D46DE8}") = "src", "src", "{E7A6C4CB-1614-4105-998B-3EE864093CAB}"
EndProject
Project("{2150E333-8FDC-42A3-9474-1A3956D46DE8}") = "Person", "Person", "{3449F102-3DCB-4506-91F5-41E7C869ED7A}"
EndProject
Project("{9A19103F-16F7-4668-BE54-9A1E7A4F7556}") = "Person.Domain", "src\Person\Person.Domain\Person.Domain.csproj", "{23C2D0DE-7B19-4080-BF18-A13D7D488506}"
EndProject
Project("{9A19103F-16F7-4668-BE54-9A1E7A4F7556}") = "Person.Commands", "src\Person\Person.Commands\Person.Commands.csproj", "{880DA2F6-3B9B-49D2-8288-33C02DEF860F}"
EndProject
Project("{9A19103F-16F7-4668-BE54-9A1E7A4F7556}") = "Person.CommandHandlers", "src\Person\Person.CommandHandlers\Person.CommandHandlers.csproj", "{F161BF03-B948-414B-BC09-16776DA5D483}"
EndProject
Project("{9A19103F-16F7-4668-BE54-9A1E7A4F7556}") = "Person.ReadModel", "src\Person\Person.ReadModel\Person.ReadModel.csproj", "{99859AC7-C2D6-4797-82ED-85D7E8593ED3}"
EndProject
Project("{2150E333-8FDC-42A3-9474-1A3956D46DE8}") = "test", "test", "{5C98E513-3AB5-448E-A3B4-AA07990972CD}"
EndProject
Project("{9A19103F-16F7-4668-BE54-9A1E7A4F7556}") = "Person.Tests", "test\Person.Tests\Person.Tests.csproj", "{40CD7371-1AC6-4D96-A0FC-61ABCB63A757}"
EndProject
Project("{9A19103F-16F7-4668-BE54-9A1E7A4F7556}") = "ECommon", "src\ENode\ECommon\ECommon.csproj", "{2F9D7F93-CAFB-4D2E-87EA-D4BA3A3D0299}"
EndProject
Project("{9A19103F-16F7-4668-BE54-9A1E7A4F7556}") = "EQueue", "src\ENode\EQueue\EQueue.csproj", "{3DC918CE-C522-4AB1-A939-CF4BF75B274D}"
EndProject
Project("{9A19103F-16F7-4668-BE54-9A1E7A4F7556}") = "ENode", "src\ENode\ENode\ENode.csproj", "{1A9DF19E-44AF-4C65-90BD-5BA42ECDB6AB}"
EndProject
Global
	GlobalSection(SolutionConfigurationPlatforms) = preSolution
		Debug|Any CPU = Debug|Any CPU
		Release|Any CPU = Release|Any CPU
	EndGlobalSection
	GlobalSection(ProjectConfigurationPlatforms) = postSolution
		{23C2D0DE-7B19-4080-BF18-A13D7D488506}.Debug|Any CPU.ActiveCfg = Debug|Any CPU
		{23C2D0DE-7B19-4080-BF18-A13D7D488506}.Debug|Any CPU.Build.0 = Debug|Any CPU
		{23C2D0DE-7B19-4080-BF18-A13D7D488506}.Release|Any CPU.ActiveCfg = Release|Any CPU
		{23C2D0DE-7B19-4080-BF18-A13D7D488506}.Release|Any CPU.Build.0 = Release|Any CPU
		{880DA2F6-3B9B-49D2-8288-33C02DEF860F}.Debug|Any CPU.ActiveCfg = Debug|Any CPU
		{880DA2F6-3B9B-49D2-8288-33C02DEF860F}.Debug|Any CPU.Build.0 = Debug|Any CPU
		{880DA2F6-3B9B-49D2-8288-33C02DEF860F}.Release|Any CPU.ActiveCfg = Release|Any CPU
		{880DA2F6-3B9B-49D2-8288-33C02DEF860F}.Release|Any CPU.Build.0 = Release|Any CPU
		{F161BF03-B948-414B-BC09-16776DA5D483}.Debug|Any CPU.ActiveCfg = Debug|Any CPU
		{F161BF03-B948-414B-BC09-16776DA5D483}.Debug|Any CPU.Build.0 = Debug|Any CPU
		{F161BF03-B948-414B-BC09-16776DA5D483}.Release|Any CPU.ActiveCfg = Release|Any CPU
		{F161BF03-B948-414B-BC09-16776DA5D483}.Release|Any CPU.Build.0 = Release|Any CPU
		{99859AC7-C2D6-4797-82ED-85D7E8593ED3}.Debug|Any CPU.ActiveCfg = Debug|Any CPU
		{99859AC7-C2D6-4797-82ED-85D7E8593ED3}.Debug|Any CPU.Build.0 = Debug|Any CPU
		{99859AC7-C2D6-4797-82ED-85D7E8593ED3}.Release|Any CPU.ActiveCfg = Release|Any CPU
		{99859AC7-C2D6-4797-82ED-85D7E8593ED3}.Release|Any CPU.Build.0 = Release|Any CPU
		{40CD7371-1AC6-4D96-A0FC-61ABCB63A757}.Debug|Any CPU.ActiveCfg = Debug|Any CPU
		{40CD7371-1AC6-4D96-A0FC-61ABCB63A757}.Debug|Any CPU.Build.0 = Debug|Any CPU
		{40CD7371-1AC6-4D96-A0FC-61ABCB63A757}.Release|Any CPU.ActiveCfg = Release|Any CPU
		{40CD7371-1AC6-4D96-A0FC-61ABCB63A757}.Release|Any CPU.Build.0 = Release|Any CPU
		{2F9D7F93-CAFB-4D2E-87EA-D4BA3A3D0299}.Debug|Any CPU.ActiveCfg = Debug|Any CPU
		{2F9D7F93-CAFB-4D2E-87EA-D4BA3A3D0299}.Debug|Any CPU.Build.0 = Debug|Any CPU
		{2F9D7F93-CAFB-4D2E-87EA-D4BA3A3D0299}.Release|Any CPU.ActiveCfg = Release|Any CPU
		{2F9D7F93-CAFB-4D2E-87EA-D4BA3A3D0299}.Release|Any CPU.Build.0 = Release|Any CPU
		{3DC918CE-C522-4AB1-A939-CF4BF75B274D}.Debug|Any CPU.ActiveCfg = Debug|Any CPU
		{3DC918CE-C522-4AB1-A939-CF4BF75B274D}.Debug|Any CPU.Build.0 = Debug|Any CPU
		{3DC918CE-C522-4AB1-A939-CF4BF75B274D}.Release|Any CPU.ActiveCfg = Release|Any CPU
		{3DC918CE-C522-4AB1-A939-CF4BF75B274D}.Release|Any CPU.Build.0 = Release|Any CPU
		{1A9DF19E-44AF-4C65-90BD-5BA42ECDB6AB}.Debug|Any CPU.ActiveCfg = Debug|Any CPU
		{1A9DF19E-44AF-4C65-90BD-5BA42ECDB6AB}.Debug|Any CPU.Build.0 = Debug|Any CPU
		{1A9DF19E-44AF-4C65-90BD-5BA42ECDB6AB}.Release|Any CPU.ActiveCfg = Release|Any CPU
		{1A9DF19E-44AF-4C65-90BD-5BA42ECDB6AB}.Release|Any CPU.Build.0 = Release|Any CPU
	EndGlobalSection
	GlobalSection(SolutionProperties) = preSolution
		HideSolutionNode = FALSE
	EndGlobalSection
	GlobalSection(NestedProjects) = preSolution
		{A5BE5C96-0FCD-4300-AAB1-4B32373CE989} = {E7A6C4CB-1614-4105-998B-3EE864093CAB}
		{3449F102-3DCB-4506-91F5-41E7C869ED7A} = {E7A6C4CB-1614-4105-998B-3EE864093CAB}
		{23C2D0DE-7B19-4080-BF18-A13D7D488506} = {3449F102-3DCB-4506-91F5-41E7C869ED7A}
		{880DA2F6-3B9B-49D2-8288-33C02DEF860F} = {3449F102-3DCB-4506-91F5-41E7C869ED7A}
		{F161BF03-B948-414B-BC09-16776DA5D483} = {3449F102-3DCB-4506-91F5-41E7C869ED7A}
		{99859AC7-C2D6-4797-82ED-85D7E8593ED3} = {3449F102-3DCB-4506-91F5-41E7C869ED7A}
		{40CD7371-1AC6-4D96-A0FC-61ABCB63A757} = {5C98E513-3AB5-448E-A3B4-AA07990972CD}
		{2F9D7F93-CAFB-4D2E-87EA-D4BA3A3D0299} = {A5BE5C96-0FCD-4300-AAB1-4B32373CE989}
		{3DC918CE-C522-4AB1-A939-CF4BF75B274D} = {A5BE5C96-0FCD-4300-AAB1-4B32373CE989}
		{1A9DF19E-44AF-4C65-90BD-5BA42ECDB6AB} = {A5BE5C96-0FCD-4300-AAB1-4B32373CE989}
	EndGlobalSection
EndGlobal
